
Microsoft Visual Studio Solution File, Format Version 12.00
# Visual Studio Version 17
VisualStudioVersion = 17.3.32929.385
MinimumVisualStudioVersion = 10.0.40219.1
Project("{9A19103F-16F7-4668-BE54-9A1E7A4F7556}") = "Blazor_Test", "Blazor-Test\Blazor_Test.csproj", "{0A186C9E-EAD7-40D5-B996-3B201DF1B264}"
EndProject
Project("{9A19103F-16F7-4668-BE54-9A1E7A4F7556}") = "PizzaPlace.Client", "PizzaPlace\PizzaPlace.Client.csproj", "{1EF9E3CC-FABE-46D3-99D8-2C655E763DCB}"
EndProject
Project("{9A19103F-16F7-4668-BE54-9A1E7A4F7556}") = "Components.Advanced", "Components.Advanced\Components.Advanced.csproj", "{DDC8C14C-0810-4F71-83D5-F7A80B2A64CE}"
EndProject
Project("{9A19103F-16F7-4668-BE54-9A1E7A4F7556}") = "Components.Library", "Components.Library\Components.Library.csproj", "{1E651CEF-B23C-49C8-9E36-2D0A33A025AF}"
EndProject
Project("{9A19103F-16F7-4668-BE54-9A1E7A4F7556}") = "PizzaPlace.Server", "PizzaPlace.Server\PizzaPlace.Server.csproj", "{460C93E4-3875-49FA-8440-537901F1F107}"
EndProject
Project("{9A19103F-16F7-4668-BE54-9A1E7A4F7556}") = "Blazor.Communication.Server", "Blazor.Communication\Server\Blazor.Communication.Server.csproj", "{C7934F30-0EA2-4891-8B51-551E8DA2C384}"
EndProject
Project("{9A19103F-16F7-4668-BE54-9A1E7A4F7556}") = "Blazor.Communication.Client", "Blazor.Communication\Client\Blazor.Communication.Client.csproj", "{3CB74CF7-038C-491D-B93E-84EFCAE396EC}"
EndProject
Project("{9A19103F-16F7-4668-BE54-9A1E7A4F7556}") = "Blazor.Communication.Shared", "Blazor.Communication\Shared\Blazor.Communication.Shared.csproj", "{11062EDF-8368-40C8-89C6-82A3F61643BE}"
EndProject
Project("{9A19103F-16F7-4668-BE54-9A1E7A4F7556}") = "PizzaPlace.Shared", "PizzaPlace.Shared\PizzaPlace.Shared.csproj", "{6976EB47-5F70-42D4-927B-C409EBD9751D}"
EndProject
Project("{9A19103F-16F7-4668-BE54-9A1E7A4F7556}") = "Testing.ComponentTests", "Testing.ComponentTests\Testing.ComponentTests.csproj", "{733A0BD4-35AF-4F56-92EF-5A756C85AD2C}"
EndProject
Project("{9A19103F-16F7-4668-BE54-9A1E7A4F7556}") = "Testing.Shared", "Testing.Shared\Testing.Shared.csproj", "{CE5902B1-79EE-4C4C-8B7B-FA7F3C975F94}"
EndProject
Project("{9A19103F-16F7-4668-BE54-9A1E7A4F7556}") = "Testing.Client", "Testing.Client\Testing.Client.csproj", "{5F1469AF-22B5-441D-9140-6DFAB4BB8937}"
EndProject
Global
	GlobalSection(SolutionConfigurationPlatforms) = preSolution
		Debug|Any CPU = Debug|Any CPU
		Release|Any CPU = Release|Any CPU
	EndGlobalSection
	GlobalSection(ProjectConfigurationPlatforms) = postSolution
		{0A186C9E-EAD7-40D5-B996-3B201DF1B264}.Debug|Any CPU.ActiveCfg = Debug|Any CPU
		{0A186C9E-EAD7-40D5-B996-3B201DF1B264}.Debug|Any CPU.Build.0 = Debug|Any CPU
		{0A186C9E-EAD7-40D5-B996-3B201DF1B264}.Release|Any CPU.ActiveCfg = Release|Any CPU
		{0A186C9E-EAD7-40D5-B996-3B201DF1B264}.Release|Any CPU.Build.0 = Release|Any CPU
		{1EF9E3CC-FABE-46D3-99D8-2C655E763DCB}.Debug|Any CPU.ActiveCfg = Debug|Any CPU
		{1EF9E3CC-FABE-46D3-99D8-2C655E763DCB}.Debug|Any CPU.Build.0 = Debug|Any CPU
		{1EF9E3CC-FABE-46D3-99D8-2C655E763DCB}.Release|Any CPU.ActiveCfg = Release|Any CPU
		{1EF9E3CC-FABE-46D3-99D8-2C655E763DCB}.Release|Any CPU.Build.0 = Release|Any CPU
		{DDC8C14C-0810-4F71-83D5-F7A80B2A64CE}.Debug|Any CPU.ActiveCfg = Debug|Any CPU
		{DDC8C14C-0810-4F71-83D5-F7A80B2A64CE}.Debug|Any CPU.Build.0 = Debug|Any CPU
		{DDC8C14C-0810-4F71-83D5-F7A80B2A64CE}.Release|Any CPU.ActiveCfg = Release|Any CPU
		{DDC8C14C-0810-4F71-83D5-F7A80B2A64CE}.Release|Any CPU.Build.0 = Release|Any CPU
		{1E651CEF-B23C-49C8-9E36-2D0A33A025AF}.Debug|Any CPU.ActiveCfg = Debug|Any CPU
		{1E651CEF-B23C-49C8-9E36-2D0A33A025AF}.Debug|Any CPU.Build.0 = Debug|Any CPU
		{1E651CEF-B23C-49C8-9E36-2D0A33A025AF}.Release|Any CPU.ActiveCfg = Release|Any CPU
		{1E651CEF-B23C-49C8-9E36-2D0A33A025AF}.Release|Any CPU.Build.0 = Release|Any CPU
		{460C93E4-3875-49FA-8440-537901F1F107}.Debug|Any CPU.ActiveCfg = Debug|Any CPU
		{460C93E4-3875-49FA-8440-537901F1F107}.Debug|Any CPU.Build.0 = Debug|Any CPU
		{460C93E4-3875-49FA-8440-537901F1F107}.Release|Any CPU.ActiveCfg = Release|Any CPU
		{460C93E4-3875-49FA-8440-537901F1F107}.Release|Any CPU.Build.0 = Release|Any CPU
		{C7934F30-0EA2-4891-8B51-551E8DA2C384}.Debug|Any CPU.ActiveCfg = Debug|Any CPU
		{C7934F30-0EA2-4891-8B51-551E8DA2C384}.Debug|Any CPU.Build.0 = Debug|Any CPU
		{C7934F30-0EA2-4891-8B51-551E8DA2C384}.Release|Any CPU.ActiveCfg = Release|Any CPU
		{C7934F30-0EA2-4891-8B51-551E8DA2C384}.Release|Any CPU.Build.0 = Release|Any CPU
		{3CB74CF7-038C-491D-B93E-84EFCAE396EC}.Debug|Any CPU.ActiveCfg = Debug|Any CPU
		{3CB74CF7-038C-491D-B93E-84EFCAE396EC}.Debug|Any CPU.Build.0 = Debug|Any CPU
		{3CB74CF7-038C-491D-B93E-84EFCAE396EC}.Release|Any CPU.ActiveCfg = Release|Any CPU
		{3CB74CF7-038C-491D-B93E-84EFCAE396EC}.Release|Any CPU.Build.0 = Release|Any CPU
		{11062EDF-8368-40C8-89C6-82A3F61643BE}.Debug|Any CPU.ActiveCfg = Debug|Any CPU
		{11062EDF-8368-40C8-89C6-82A3F61643BE}.Debug|Any CPU.Build.0 = Debug|Any CPU
		{11062EDF-8368-40C8-89C6-82A3F61643BE}.Release|Any CPU.ActiveCfg = Release|Any CPU
		{11062EDF-8368-40C8-89C6-82A3F61643BE}.Release|Any CPU.Build.0 = Release|Any CPU
		{6976EB47-5F70-42D4-927B-C409EBD9751D}.Debug|Any CPU.ActiveCfg = Debug|Any CPU
		{6976EB47-5F70-42D4-927B-C409EBD9751D}.Debug|Any CPU.Build.0 = Debug|Any CPU
		{6976EB47-5F70-42D4-927B-C409EBD9751D}.Release|Any CPU.ActiveCfg = Release|Any CPU
		{6976EB47-5F70-42D4-927B-C409EBD9751D}.Release|Any CPU.Build.0 = Release|Any CPU
		{733A0BD4-35AF-4F56-92EF-5A756C85AD2C}.Debug|Any CPU.ActiveCfg = Debug|Any CPU
		{733A0BD4-35AF-4F56-92EF-5A756C85AD2C}.Debug|Any CPU.Build.0 = Debug|Any CPU
		{733A0BD4-35AF-4F56-92EF-5A756C85AD2C}.Release|Any CPU.ActiveCfg = Release|Any CPU
		{733A0BD4-35AF-4F56-92EF-5A756C85AD2C}.Release|Any CPU.Build.0 = Release|Any CPU
		{CE5902B1-79EE-4C4C-8B7B-FA7F3C975F94}.Debug|Any CPU.ActiveCfg = Debug|Any CPU
		{CE5902B1-79EE-4C4C-8B7B-FA7F3C975F94}.Debug|Any CPU.Build.0 = Debug|Any CPU
		{CE5902B1-79EE-4C4C-8B7B-FA7F3C975F94}.Release|Any CPU.ActiveCfg = Release|Any CPU
		{CE5902B1-79EE-4C4C-8B7B-FA7F3C975F94}.Release|Any CPU.Build.0 = Release|Any CPU
		{5F1469AF-22B5-441D-9140-6DFAB4BB8937}.Debug|Any CPU.ActiveCfg = Debug|Any CPU
		{5F1469AF-22B5-441D-9140-6DFAB4BB8937}.Debug|Any CPU.Build.0 = Debug|Any CPU
		{5F1469AF-22B5-441D-9140-6DFAB4BB8937}.Release|Any CPU.ActiveCfg = Release|Any CPU
		{5F1469AF-22B5-441D-9140-6DFAB4BB8937}.Release|Any CPU.Build.0 = Release|Any CPU
	EndGlobalSection
	GlobalSection(SolutionProperties) = preSolution
		HideSolutionNode = FALSE
	EndGlobalSection
	GlobalSection(ExtensibilityGlobals) = postSolution
		SolutionGuid = {640EFAD6-5C36-46A5-B6BF-8FE4E8813DF9}
	EndGlobalSection
EndGlobal
