
Microsoft Visual Studio Solution File, Format Version 12.00
# Visual Studio Version 17
VisualStudioVersion = 17.3.32929.385
MinimumVisualStudioVersion = 10.0.40219.1
Project("{FAE04EC0-301F-11D3-BF4B-00C04F79EFBC}") = "Blazor_Test", "Blazor-Test\Blazor_Test.csproj", "{0A186C9E-EAD7-40D5-B996-3B201DF1B264}"
EndProject
Project("{FAE04EC0-301F-11D3-BF4B-00C04F79EFBC}") = "PizzaPlace", "PizzaPlace\PizzaPlace.csproj", "{1EF9E3CC-FABE-46D3-99D8-2C655E763DCB}"
EndProject
Global
	GlobalSection(SolutionConfigurationPlatforms) = preSolution
		Debug|Any CPU = Debug|Any CPU
		Release|Any CPU = Release|Any CPU
	EndGlobalSection
	GlobalSection(ProjectConfigurationPlatforms) = postSolution
		{0A186C9E-EAD7-40D5-B996-3B201DF1B264}.Debug|Any CPU.ActiveCfg = Debug|Any CPU
		{0A186C9E-EAD7-40D5-B996-3B201DF1B264}.Debug|Any CPU.Build.0 = Debug|Any CPU
		{0A186C9E-EAD7-40D5-B996-3B201DF1B264}.Release|Any CPU.ActiveCfg = Release|Any CPU
		{0A186C9E-EAD7-40D5-B996-3B201DF1B264}.Release|Any CPU.Build.0 = Release|Any CPU
		{1EF9E3CC-FABE-46D3-99D8-2C655E763DCB}.Debug|Any CPU.ActiveCfg = Debug|Any CPU
		{1EF9E3CC-FABE-46D3-99D8-2C655E763DCB}.Debug|Any CPU.Build.0 = Debug|Any CPU
		{1EF9E3CC-FABE-46D3-99D8-2C655E763DCB}.Release|Any CPU.ActiveCfg = Release|Any CPU
		{1EF9E3CC-FABE-46D3-99D8-2C655E763DCB}.Release|Any CPU.Build.0 = Release|Any CPU
	EndGlobalSection
	GlobalSection(SolutionProperties) = preSolution
		HideSolutionNode = FALSE
	EndGlobalSection
	GlobalSection(ExtensibilityGlobals) = postSolution
		SolutionGuid = {640EFAD6-5C36-46A5-B6BF-8FE4E8813DF9}
	EndGlobalSection
EndGlobal
